// !$*UTF8*$!
{
	archiveVersion = 1;
	classes = {
	};
	objectVersion = 48;
	objects = {

/* Begin PBXBuildFile section */
		830A6868220D7A4F0079E2E3 /* AppDelegate.swift in Sources */ = {isa = PBXBuildFile; fileRef = 830A6867220D7A4F0079E2E3 /* AppDelegate.swift */; };
		830A686A220D7A4F0079E2E3 /* ProfileViewController.swift in Sources */ = {isa = PBXBuildFile; fileRef = 830A6869220D7A4F0079E2E3 /* ProfileViewController.swift */; };
		830A686D220D7A4F0079E2E3 /* Main.storyboard in Resources */ = {isa = PBXBuildFile; fileRef = 830A686B220D7A4F0079E2E3 /* Main.storyboard */; };
		830A686F220D7A4F0079E2E3 /* Assets.xcassets in Resources */ = {isa = PBXBuildFile; fileRef = 830A686E220D7A4F0079E2E3 /* Assets.xcassets */; };
		830A6872220D7A4F0079E2E3 /* LaunchScreen.storyboard in Resources */ = {isa = PBXBuildFile; fileRef = 830A6870220D7A4F0079E2E3 /* LaunchScreen.storyboard */; };
		837922C1221DBB7900F0E19E /* TableViewController.swift in Sources */ = {isa = PBXBuildFile; fileRef = 837922C0221DBB7900F0E19E /* TableViewController.swift */; };
/* End PBXBuildFile section */

/* Begin PBXFileReference section */
		830A6864220D7A4F0079E2E3 /* Chatik.app */ = {isa = PBXFileReference; explicitFileType = wrapper.application; includeInIndex = 0; path = Chatik.app; sourceTree = BUILT_PRODUCTS_DIR; };
		830A6867220D7A4F0079E2E3 /* AppDelegate.swift */ = {isa = PBXFileReference; lastKnownFileType = sourcecode.swift; path = AppDelegate.swift; sourceTree = "<group>"; };
		830A6869220D7A4F0079E2E3 /* ProfileViewController.swift */ = {isa = PBXFileReference; lastKnownFileType = sourcecode.swift; path = ProfileViewController.swift; sourceTree = "<group>"; };
		830A686C220D7A4F0079E2E3 /* Base */ = {isa = PBXFileReference; lastKnownFileType = file.storyboard; name = Base; path = Base.lproj/Main.storyboard; sourceTree = "<group>"; };
		830A686E220D7A4F0079E2E3 /* Assets.xcassets */ = {isa = PBXFileReference; lastKnownFileType = folder.assetcatalog; path = Assets.xcassets; sourceTree = "<group>"; };
		830A6871220D7A4F0079E2E3 /* Base */ = {isa = PBXFileReference; lastKnownFileType = file.storyboard; name = Base; path = Base.lproj/LaunchScreen.storyboard; sourceTree = "<group>"; };
		830A6873220D7A4F0079E2E3 /* Info.plist */ = {isa = PBXFileReference; lastKnownFileType = text.plist.xml; path = Info.plist; sourceTree = "<group>"; };
		837922C0221DBB7900F0E19E /* TableViewController.swift */ = {isa = PBXFileReference; lastKnownFileType = sourcecode.swift; path = TableViewController.swift; sourceTree = "<group>"; };
/* End PBXFileReference section */

/* Begin PBXFrameworksBuildPhase section */
		830A6861220D7A4F0079E2E3 /* Frameworks */ = {
			isa = PBXFrameworksBuildPhase;
			buildActionMask = 2147483647;
			files = (
			);
			runOnlyForDeploymentPostprocessing = 0;
		};
/* End PBXFrameworksBuildPhase section */

/* Begin PBXGroup section */
		830A685B220D7A4F0079E2E3 = {
			isa = PBXGroup;
			children = (
				830A6866220D7A4F0079E2E3 /* Chatik */,
				830A6865220D7A4F0079E2E3 /* Products */,
			);
			sourceTree = "<group>";
		};
		830A6865220D7A4F0079E2E3 /* Products */ = {
			isa = PBXGroup;
			children = (
				830A6864220D7A4F0079E2E3 /* Chatik.app */,
			);
			name = Products;
			sourceTree = "<group>";
		};
		830A6866220D7A4F0079E2E3 /* Chatik */ = {
			isa = PBXGroup;
			children = (
				830A6867220D7A4F0079E2E3 /* AppDelegate.swift */,
				830A6869220D7A4F0079E2E3 /* ProfileViewController.swift */,
				830A686B220D7A4F0079E2E3 /* Main.storyboard */,
				830A686E220D7A4F0079E2E3 /* Assets.xcassets */,
				830A6870220D7A4F0079E2E3 /* LaunchScreen.storyboard */,
				830A6873220D7A4F0079E2E3 /* Info.plist */,
				837922C0221DBB7900F0E19E /* TableViewController.swift */,
			);
			path = Chatik;
			sourceTree = "<group>";
		};
/* End PBXGroup section */

/* Begin PBXNativeTarget section */
		830A6863220D7A4F0079E2E3 /* Chatik */ = {
			isa = PBXNativeTarget;
			buildConfigurationList = 830A6876220D7A4F0079E2E3 /* Build configuration list for PBXNativeTarget "Chatik" */;
			buildPhases = (
				830A6860220D7A4F0079E2E3 /* Sources */,
				830A6861220D7A4F0079E2E3 /* Frameworks */,
				830A6862220D7A4F0079E2E3 /* Resources */,
			);
			buildRules = (
			);
			dependencies = (
			);
			name = Chatik;
			productName = Chatik;
			productReference = 830A6864220D7A4F0079E2E3 /* Chatik.app */;
			productType = "com.apple.product-type.application";
		};
/* End PBXNativeTarget section */

/* Begin PBXProject section */
		830A685C220D7A4F0079E2E3 /* Project object */ = {
			isa = PBXProject;
			attributes = {
				LastSwiftUpdateCheck = 0920;
				LastUpgradeCheck = 0920;
				ORGANIZATIONNAME = "Hiii Power";
				TargetAttributes = {
					830A6863220D7A4F0079E2E3 = {
						CreatedOnToolsVersion = 9.2;
						ProvisioningStyle = Automatic;
					};
				};
			};
			buildConfigurationList = 830A685F220D7A4F0079E2E3 /* Build configuration list for PBXProject "Chatik" */;
			compatibilityVersion = "Xcode 8.0";
			developmentRegion = en;
			hasScannedForEncodings = 0;
			knownRegions = (
				en,
				Base,
			);
			mainGroup = 830A685B220D7A4F0079E2E3;
			productRefGroup = 830A6865220D7A4F0079E2E3 /* Products */;
			projectDirPath = "";
			projectRoot = "";
			targets = (
				830A6863220D7A4F0079E2E3 /* Chatik */,
			);
		};
/* End PBXProject section */

/* Begin PBXResourcesBuildPhase section */
		830A6862220D7A4F0079E2E3 /* Resources */ = {
			isa = PBXResourcesBuildPhase;
			buildActionMask = 2147483647;
			files = (
				830A6872220D7A4F0079E2E3 /* LaunchScreen.storyboard in Resources */,
				830A686F220D7A4F0079E2E3 /* Assets.xcassets in Resources */,
				830A686D220D7A4F0079E2E3 /* Main.storyboard in Resources */,
			);
			runOnlyForDeploymentPostprocessing = 0;
		};
/* End PBXResourcesBuildPhase section */

/* Begin PBXSourcesBuildPhase section */
		830A6860220D7A4F0079E2E3 /* Sources */ = {
			isa = PBXSourcesBuildPhase;
			buildActionMask = 2147483647;
			files = (
				830A686A220D7A4F0079E2E3 /* ProfileViewController.swift in Sources */,
				837922C1221DBB7900F0E19E /* TableViewController.swift in Sources */,
				830A6868220D7A4F0079E2E3 /* AppDelegate.swift in Sources */,
			);
			runOnlyForDeploymentPostprocessing = 0;
		};
/* End PBXSourcesBuildPhase section */

/* Begin PBXVariantGroup section */
		830A686B220D7A4F0079E2E3 /* Main.storyboard */ = {
			isa = PBXVariantGroup;
			children = (
				830A686C220D7A4F0079E2E3 /* Base */,
			);
			name = Main.storyboard;
			sourceTree = "<group>";
		};
		830A6870220D7A4F0079E2E3 /* LaunchScreen.storyboard */ = {
			isa = PBXVariantGroup;
			children = (
				830A6871220D7A4F0079E2E3 /* Base */,
			);
			name = LaunchScreen.storyboard;
			sourceTree = "<group>";
		};
/* End PBXVariantGroup section */

/* Begin XCBuildConfiguration section */
		830A6874220D7A4F0079E2E3 /* Debug */ = {
			isa = XCBuildConfiguration;
			buildSettings = {
				ALWAYS_SEARCH_USER_PATHS = NO;
				CLANG_ANALYZER_NONNULL = YES;
				CLANG_ANALYZER_NUMBER_OBJECT_CONVERSION = YES_AGGRESSIVE;
				CLANG_CXX_LANGUAGE_STANDARD = "gnu++14";
				CLANG_CXX_LIBRARY = "libc++";
				CLANG_ENABLE_MODULES = YES;
				CLANG_ENABLE_OBJC_ARC = YES;
				CLANG_WARN_BLOCK_CAPTURE_AUTORELEASING = YES;
				CLANG_WARN_BOOL_CONVERSION = YES;
				CLANG_WARN_COMMA = YES;
				CLANG_WARN_CONSTANT_CONVERSION = YES;
				CLANG_WARN_DIRECT_OBJC_ISA_USAGE = YES_ERROR;
				CLANG_WARN_DOCUMENTATION_COMMENTS = YES;
				CLANG_WARN_EMPTY_BODY = YES;
				CLANG_WARN_ENUM_CONVERSION = YES;
				CLANG_WARN_INFINITE_RECURSION = YES;
				CLANG_WARN_INT_CONVERSION = YES;
				CLANG_WARN_NON_LITERAL_NULL_CONVERSION = YES;
				CLANG_WARN_OBJC_LITERAL_CONVERSION = YES;
				CLANG_WARN_OBJC_ROOT_CLASS = YES_ERROR;
				CLANG_WARN_RANGE_LOOP_ANALYSIS = YES;
				CLANG_WARN_STRICT_PROTOTYPES = YES;
				CLANG_WARN_SUSPICIOUS_MOVE = YES;
				CLANG_WARN_UNGUARDED_AVAILABILITY = YES_AGGRESSIVE;
				CLANG_WARN_UNREACHABLE_CODE = YES;
				CLANG_WARN__DUPLICATE_METHOD_MATCH = YES;
				CODE_SIGN_IDENTITY = "iPhone Developer";
				COPY_PHASE_STRIP = NO;
				DEBUG_INFORMATION_FORMAT = dwarf;
				ENABLE_STRICT_OBJC_MSGSEND = YES;
				ENABLE_TESTABILITY = YES;
				GCC_C_LANGUAGE_STANDARD = gnu11;
				GCC_DYNAMIC_NO_PIC = NO;
				GCC_NO_COMMON_BLOCKS = YES;
				GCC_OPTIMIZATION_LEVEL = 0;
				GCC_PREPROCESSOR_DEFINITIONS = (
					"DEBUG=1",
					"$(inherited)",
				);
				GCC_WARN_64_TO_32_BIT_CONVERSION = YES;
				GCC_WARN_ABOUT_RETURN_TYPE = YES_ERROR;
				GCC_WARN_UNDECLARED_SELECTOR = YES;
				GCC_WARN_UNINITIALIZED_AUTOS = YES_AGGRESSIVE;
				GCC_WARN_UNUSED_FUNCTION = YES;
				GCC_WARN_UNUSED_VARIABLE = YES;
				IPHONEOS_DEPLOYMENT_TARGET = 11.2;
				MTL_ENABLE_DEBUG_INFO = YES;
				ONLY_ACTIVE_ARCH = YES;
				SDKROOT = iphoneos;
				SWIFT_ACTIVE_COMPILATION_CONDITIONS = DEBUG;
				SWIFT_OPTIMIZATION_LEVEL = "-Onone";
			};
			name = Debug;
		};
		830A6875220D7A4F0079E2E3 /* Release */ = {
			isa = XCBuildConfiguration;
			buildSettings = {
				ALWAYS_SEARCH_USER_PATHS = NO;
				CLANG_ANALYZER_NONNULL = YES;
				CLANG_ANALYZER_NUMBER_OBJECT_CONVERSION = YES_AGGRESSIVE;
				CLANG_CXX_LANGUAGE_STANDARD = "gnu++14";
				CLANG_CXX_LIBRARY = "libc++";
				CLANG_ENABLE_MODULES = YES;
				CLANG_ENABLE_OBJC_ARC = YES;
				CLANG_WARN_BLOCK_CAPTURE_AUTORELEASING = YES;
				CLANG_WARN_BOOL_CONVERSION = YES;
				CLANG_WARN_COMMA = YES;
				CLANG_WARN_CONSTANT_CONVERSION = YES;
				CLANG_WARN_DIRECT_OBJC_ISA_USAGE = YES_ERROR;
				CLANG_WARN_DOCUMENTATION_COMMENTS = YES;
				CLANG_WARN_EMPTY_BODY = YES;
				CLANG_WARN_ENUM_CONVERSION = YES;
				CLANG_WARN_INFINITE_RECURSION = YES;
				CLANG_WARN_INT_CONVERSION = YES;
				CLANG_WARN_NON_LITERAL_NULL_CONVERSION = YES;
				CLANG_WARN_OBJC_LITERAL_CONVERSION = YES;
				CLANG_WARN_OBJC_ROOT_CLASS = YES_ERROR;
				CLANG_WARN_RANGE_LOOP_ANALYSIS = YES;
				CLANG_WARN_STRICT_PROTOTYPES = YES;
				CLANG_WARN_SUSPICIOUS_MOVE = YES;
				CLANG_WARN_UNGUARDED_AVAILABILITY = YES_AGGRESSIVE;
				CLANG_WARN_UNREACHABLE_CODE = YES;
				CLANG_WARN__DUPLICATE_METHOD_MATCH = YES;
				CODE_SIGN_IDENTITY = "iPhone Developer";
				COPY_PHASE_STRIP = NO;
				DEBUG_INFORMATION_FORMAT = "dwarf-with-dsym";
				ENABLE_NS_ASSERTIONS = NO;
				ENABLE_STRICT_OBJC_MSGSEND = YES;
				GCC_C_LANGUAGE_STANDARD = gnu11;
				GCC_NO_COMMON_BLOCKS = YES;
				GCC_WARN_64_TO_32_BIT_CONVERSION = YES;
				GCC_WARN_ABOUT_RETURN_TYPE = YES_ERROR;
				GCC_WARN_UNDECLARED_SELECTOR = YES;
				GCC_WARN_UNINITIALIZED_AUTOS = YES_AGGRESSIVE;
				GCC_WARN_UNUSED_FUNCTION = YES;
				GCC_WARN_UNUSED_VARIABLE = YES;
				IPHONEOS_DEPLOYMENT_TARGET = 11.2;
				MTL_ENABLE_DEBUG_INFO = NO;
				SDKROOT = iphoneos;
				SWIFT_OPTIMIZATION_LEVEL = "-Owholemodule";
				VALIDATE_PRODUCT = YES;
			};
			name = Release;
		};
		830A6877220D7A4F0079E2E3 /* Debug */ = {
			isa = XCBuildConfiguration;
			buildSettings = {
				ASSETCATALOG_COMPILER_APPICON_NAME = AppIcon;
				CODE_SIGN_STYLE = Automatic;
				DEVELOPMENT_TEAM = 7RF963ZME7;
				INFOPLIST_FILE = Chatik/Info.plist;
				IPHONEOS_DEPLOYMENT_TARGET = 11.0;
				LD_RUNPATH_SEARCH_PATHS = "$(inherited) @executable_path/Frameworks";
				PRODUCT_BUNDLE_IDENTIFIER = "Good-Apps.Chatik";
				PRODUCT_NAME = "$(TARGET_NAME)";
				SWIFT_VERSION = 4.0;
				TARGETED_DEVICE_FAMILY = 1;
			};
			name = Debug;
		};
		830A6878220D7A4F0079E2E3 /* Release */ = {
			isa = XCBuildConfiguration;
			buildSettings = {
				ASSETCATALOG_COMPILER_APPICON_NAME = AppIcon;
				CODE_SIGN_STYLE = Automatic;
				DEVELOPMENT_TEAM = 7RF963ZME7;
				INFOPLIST_FILE = Chatik/Info.plist;
				IPHONEOS_DEPLOYMENT_TARGET = 11.0;
				LD_RUNPATH_SEARCH_PATHS = "$(inherited) @executable_path/Frameworks";
				PRODUCT_BUNDLE_IDENTIFIER = "Good-Apps.Chatik";
				PRODUCT_NAME = "$(TARGET_NAME)";
				SWIFT_VERSION = 4.0;
				TARGETED_DEVICE_FAMILY = 1;
			};
			name = Release;
		};
/* End XCBuildConfiguration section */

/* Begin XCConfigurationList section */
		830A685F220D7A4F0079E2E3 /* Build configuration list for PBXProject "Chatik" */ = {
			isa = XCConfigurationList;
			buildConfigurations = (
				830A6874220D7A4F0079E2E3 /* Debug */,
				830A6875220D7A4F0079E2E3 /* Release */,
			);
			defaultConfigurationIsVisible = 0;
			defaultConfigurationName = Release;
		};
		830A6876220D7A4F0079E2E3 /* Build configuration list for PBXNativeTarget "Chatik" */ = {
			isa = XCConfigurationList;
			buildConfigurations = (
				830A6877220D7A4F0079E2E3 /* Debug */,
				830A6878220D7A4F0079E2E3 /* Release */,
			);
			defaultConfigurationIsVisible = 0;
			defaultConfigurationName = Release;
		};
/* End XCConfigurationList section */
	};
	rootObject = 830A685C220D7A4F0079E2E3 /* Project object */;
}
